{
  "name": "nodejs-design-patterns",
  "version": "1.0.0",
  "lockfileVersion": 2,
  "requires": true,
  "packages": {
    "": {
      "name": "nodejs-design-patterns",
      "version": "1.0.0",
      "license": "ISC",
      "dependencies": {
        "chance": "^1.1.8",
        "get-stream": "^6.0.1"
      }
    },
    "node_modules/chance": {
      "version": "1.1.8",
      "resolved": "https://registry.npmjs.org/chance/-/chance-1.1.8.tgz",
      "integrity": "sha512-v7fi5Hj2VbR6dJEGRWLmJBA83LJMS47pkAbmROFxHWd9qmE1esHRZW8Clf1Fhzr3rjxnNZVCjOEv/ivFxeIMtg=="
    },
    "node_modules/get-stream": {
      "version": "6.0.1",
      "resolved": "https://registry.npmjs.org/get-stream/-/get-stream-6.0.1.tgz",
      "integrity": "sha512-ts6Wi+2j3jQjqi70w5AlN8DFnkSwC+MqmxEzdEALB2qXZYV3X/b1CTfgPLGJNMeAWxdPfU8FO1ms3NUfaHCPYg==",
      "engines": {
        "node": ">=10"
      },
      "funding": {
        "url": "https://github.com/sponsors/sindresorhus"
      }
    }
  },
  "dependencies": {
    "chance": {
      "version": "1.1.8",
      "resolved": "https://registry.npmjs.org/chance/-/chance-1.1.8.tgz",
      "integrity": "sha512-v7fi5Hj2VbR6dJEGRWLmJBA83LJMS47pkAbmROFxHWd9qmE1esHRZW8Clf1Fhzr3rjxnNZVCjOEv/ivFxeIMtg=="
    },
    "get-stream": {
      "version": "6.0.1",
      "resolved": "https://registry.npmjs.org/get-stream/-/get-stream-6.0.1.tgz",
      "integrity": "sha512-ts6Wi+2j3jQjqi70w5AlN8DFnkSwC+MqmxEzdEALB2qXZYV3X/b1CTfgPLGJNMeAWxdPfU8FO1ms3NUfaHCPYg=="
    }
  }
}
